
Microsoft Visual Studio Solution File, Format Version 12.00
# Visual Studio 15
VisualStudioVersion = 15.0.26730.12
MinimumVisualStudioVersion = 10.0.40219.1
Project("{8BC9CEB8-8B4A-11D0-8D11-00A0C91BC942}") = "BusRoute", "BusRoute\BusRoute.vcxproj", "{EA3A60BC-5DAB-460A-9AB0-3F6F7C66BD2A}"
EndProject
Global
	GlobalSection(SolutionConfigurationPlatforms) = preSolution
		Debug|x64 = Debug|x64
		Debug|x86 = Debug|x86
		Release|x64 = Release|x64
		Release|x86 = Release|x86
	EndGlobalSection
	GlobalSection(ProjectConfigurationPlatforms) = postSolution
		{EA3A60BC-5DAB-460A-9AB0-3F6F7C66BD2A}.Debug|x64.ActiveCfg = Debug|x64
		{EA3A60BC-5DAB-460A-9AB0-3F6F7C66BD2A}.Debug|x64.Build.0 = Debug|x64
		{EA3A60BC-5DAB-460A-9AB0-3F6F7C66BD2A}.Debug|x86.ActiveCfg = Debug|Win32
		{EA3A60BC-5DAB-460A-9AB0-3F6F7C66BD2A}.Debug|x86.Build.0 = Debug|Win32
		{EA3A60BC-5DAB-460A-9AB0-3F6F7C66BD2A}.Release|x64.ActiveCfg = Release|x64
		{EA3A60BC-5DAB-460A-9AB0-3F6F7C66BD2A}.Release|x64.Build.0 = Release|x64
		{EA3A60BC-5DAB-460A-9AB0-3F6F7C66BD2A}.Release|x86.ActiveCfg = Release|Win32
		{EA3A60BC-5DAB-460A-9AB0-3F6F7C66BD2A}.Release|x86.Build.0 = Release|Win32
	EndGlobalSection
	GlobalSection(SolutionProperties) = preSolution
		HideSolutionNode = FALSE
	EndGlobalSection
	GlobalSection(ExtensibilityGlobals) = postSolution
		SolutionGuid = {38D4BABB-4615-4A6D-A754-CC4768784601}
	EndGlobalSection
EndGlobal
